// !$*UTF8*$!
{
	archiveVersion = 1;
	classes = {
	};
	objectVersion = 46;
	objects = {

/* Begin PBXBuildFile section */
		65B499301E3676B60031D6F4 /* AppDelegate.swift in Sources */ = {isa = PBXBuildFile; fileRef = 65B4992F1E3676B60031D6F4 /* AppDelegate.swift */; };
		65B499321E3676B60031D6F4 /* ViewController.swift in Sources */ = {isa = PBXBuildFile; fileRef = 65B499311E3676B60031D6F4 /* ViewController.swift */; };
		65B499351E3676B60031D6F4 /* Main.storyboard in Resources */ = {isa = PBXBuildFile; fileRef = 65B499331E3676B60031D6F4 /* Main.storyboard */; };
		65B499381E3676B60031D6F4 /* newrep.xcdatamodeld in Sources */ = {isa = PBXBuildFile; fileRef = 65B499361E3676B60031D6F4 /* newrep.xcdatamodeld */; };
		65B4993A1E3676B60031D6F4 /* Assets.xcassets in Resources */ = {isa = PBXBuildFile; fileRef = 65B499391E3676B60031D6F4 /* Assets.xcassets */; };
		65B4993D1E3676B60031D6F4 /* LaunchScreen.storyboard in Resources */ = {isa = PBXBuildFile; fileRef = 65B4993B1E3676B60031D6F4 /* LaunchScreen.storyboard */; };
		65B499481E3676B70031D6F4 /* newrepTests.swift in Sources */ = {isa = PBXBuildFile; fileRef = 65B499471E3676B70031D6F4 /* newrepTests.swift */; };
		65B499531E3676B70031D6F4 /* newrepUITests.swift in Sources */ = {isa = PBXBuildFile; fileRef = 65B499521E3676B70031D6F4 /* newrepUITests.swift */; };
/* End PBXBuildFile section */

/* Begin PBXContainerItemProxy section */
		65B499441E3676B70031D6F4 /* PBXContainerItemProxy */ = {
			isa = PBXContainerItemProxy;
			containerPortal = 65B499241E3676B30031D6F4 /* Project object */;
			proxyType = 1;
			remoteGlobalIDString = 65B4992B1E3676B30031D6F4;
			remoteInfo = newrep;
		};
		65B4994F1E3676B70031D6F4 /* PBXContainerItemProxy */ = {
			isa = PBXContainerItemProxy;
			containerPortal = 65B499241E3676B30031D6F4 /* Project object */;
			proxyType = 1;
			remoteGlobalIDString = 65B4992B1E3676B30031D6F4;
			remoteInfo = newrep;
		};
/* End PBXContainerItemProxy section */

/* Begin PBXFileReference section */
		65B4992C1E3676B60031D6F4 /* newrep.app */ = {isa = PBXFileReference; explicitFileType = wrapper.application; includeInIndex = 0; path = newrep.app; sourceTree = BUILT_PRODUCTS_DIR; };
		65B4992F1E3676B60031D6F4 /* AppDelegate.swift */ = {isa = PBXFileReference; lastKnownFileType = sourcecode.swift; path = AppDelegate.swift; sourceTree = "<group>"; };
		65B499311E3676B60031D6F4 /* ViewController.swift */ = {isa = PBXFileReference; lastKnownFileType = sourcecode.swift; path = ViewController.swift; sourceTree = "<group>"; };
		65B499341E3676B60031D6F4 /* Base */ = {isa = PBXFileReference; lastKnownFileType = file.storyboard; name = Base; path = Base.lproj/Main.storyboard; sourceTree = "<group>"; };
		65B499371E3676B60031D6F4 /* newrep.xcdatamodel */ = {isa = PBXFileReference; lastKnownFileType = wrapper.xcdatamodel; path = newrep.xcdatamodel; sourceTree = "<group>"; };
		65B499391E3676B60031D6F4 /* Assets.xcassets */ = {isa = PBXFileReference; lastKnownFileType = folder.assetcatalog; path = Assets.xcassets; sourceTree = "<group>"; };
		65B4993C1E3676B60031D6F4 /* Base */ = {isa = PBXFileReference; lastKnownFileType = file.storyboard; name = Base; path = Base.lproj/LaunchScreen.storyboard; sourceTree = "<group>"; };
		65B4993E1E3676B60031D6F4 /* Info.plist */ = {isa = PBXFileReference; lastKnownFileType = text.plist.xml; path = Info.plist; sourceTree = "<group>"; };
		65B499431E3676B70031D6F4 /* newrepTests.xctest */ = {isa = PBXFileReference; explicitFileType = wrapper.cfbundle; includeInIndex = 0; path = newrepTests.xctest; sourceTree = BUILT_PRODUCTS_DIR; };
		65B499471E3676B70031D6F4 /* newrepTests.swift */ = {isa = PBXFileReference; lastKnownFileType = sourcecode.swift; path = newrepTests.swift; sourceTree = "<group>"; };
		65B499491E3676B70031D6F4 /* Info.plist */ = {isa = PBXFileReference; lastKnownFileType = text.plist.xml; path = Info.plist; sourceTree = "<group>"; };
		65B4994E1E3676B70031D6F4 /* newrepUITests.xctest */ = {isa = PBXFileReference; explicitFileType = wrapper.cfbundle; includeInIndex = 0; path = newrepUITests.xctest; sourceTree = BUILT_PRODUCTS_DIR; };
		65B499521E3676B70031D6F4 /* newrepUITests.swift */ = {isa = PBXFileReference; lastKnownFileType = sourcecode.swift; path = newrepUITests.swift; sourceTree = "<group>"; };
		65B499541E3676B70031D6F4 /* Info.plist */ = {isa = PBXFileReference; lastKnownFileType = text.plist.xml; path = Info.plist; sourceTree = "<group>"; };
/* End PBXFileReference section */

/* Begin PBXFrameworksBuildPhase section */
		65B499291E3676B30031D6F4 /* Frameworks */ = {
			isa = PBXFrameworksBuildPhase;
			buildActionMask = 2147483647;
			files = (
			);
			runOnlyForDeploymentPostprocessing = 0;
		};
		65B499401E3676B70031D6F4 /* Frameworks */ = {
			isa = PBXFrameworksBuildPhase;
			buildActionMask = 2147483647;
			files = (
			);
			runOnlyForDeploymentPostprocessing = 0;
		};
		65B4994B1E3676B70031D6F4 /* Frameworks */ = {
			isa = PBXFrameworksBuildPhase;
			buildActionMask = 2147483647;
			files = (
			);
			runOnlyForDeploymentPostprocessing = 0;
		};
/* End PBXFrameworksBuildPhase section */

/* Begin PBXGroup section */
		65B499231E3676B30031D6F4 = {
			isa = PBXGroup;
			children = (
				65B4992E1E3676B60031D6F4 /* newrep */,
				65B499461E3676B70031D6F4 /* newrepTests */,
				65B499511E3676B70031D6F4 /* newrepUITests */,
				65B4992D1E3676B60031D6F4 /* Products */,
			);
			sourceTree = "<group>";
		};
		65B4992D1E3676B60031D6F4 /* Products */ = {
			isa = PBXGroup;
			children = (
				65B4992C1E3676B60031D6F4 /* newrep.app */,
				65B499431E3676B70031D6F4 /* newrepTests.xctest */,
				65B4994E1E3676B70031D6F4 /* newrepUITests.xctest */,
			);
			name = Products;
			sourceTree = "<group>";
		};
		65B4992E1E3676B60031D6F4 /* newrep */ = {
			isa = PBXGroup;
			children = (
				65B4992F1E3676B60031D6F4 /* AppDelegate.swift */,
				65B499311E3676B60031D6F4 /* ViewController.swift */,
				65B499331E3676B60031D6F4 /* Main.storyboard */,
				65B499391E3676B60031D6F4 /* Assets.xcassets */,
				65B4993B1E3676B60031D6F4 /* LaunchScreen.storyboard */,
				65B4993E1E3676B60031D6F4 /* Info.plist */,
				65B499361E3676B60031D6F4 /* newrep.xcdatamodeld */,
			);
			path = newrep;
			sourceTree = "<group>";
		};
		65B499461E3676B70031D6F4 /* newrepTests */ = {
			isa = PBXGroup;
			children = (
				65B499471E3676B70031D6F4 /* newrepTests.swift */,
				65B499491E3676B70031D6F4 /* Info.plist */,
			);
			path = newrepTests;
			sourceTree = "<group>";
		};
		65B499511E3676B70031D6F4 /* newrepUITests */ = {
			isa = PBXGroup;
			children = (
				65B499521E3676B70031D6F4 /* newrepUITests.swift */,
				65B499541E3676B70031D6F4 /* Info.plist */,
			);
			path = newrepUITests;
			sourceTree = "<group>";
		};
/* End PBXGroup section */

/* Begin PBXNativeTarget section */
		65B4992B1E3676B30031D6F4 /* newrep */ = {
			isa = PBXNativeTarget;
			buildConfigurationList = 65B499571E3676B70031D6F4 /* Build configuration list for PBXNativeTarget "newrep" */;
			buildPhases = (
				65B499281E3676B30031D6F4 /* Sources */,
				65B499291E3676B30031D6F4 /* Frameworks */,
				65B4992A1E3676B30031D6F4 /* Resources */,
			);
			buildRules = (
			);
			dependencies = (
			);
			name = newrep;
			productName = newrep;
			productReference = 65B4992C1E3676B60031D6F4 /* newrep.app */;
			productType = "com.apple.product-type.application";
		};
		65B499421E3676B70031D6F4 /* newrepTests */ = {
			isa = PBXNativeTarget;
			buildConfigurationList = 65B4995A1E3676B70031D6F4 /* Build configuration list for PBXNativeTarget "newrepTests" */;
			buildPhases = (
				65B4993F1E3676B70031D6F4 /* Sources */,
				65B499401E3676B70031D6F4 /* Frameworks */,
				65B499411E3676B70031D6F4 /* Resources */,
			);
			buildRules = (
			);
			dependencies = (
				65B499451E3676B70031D6F4 /* PBXTargetDependency */,
			);
			name = newrepTests;
			productName = newrepTests;
			productReference = 65B499431E3676B70031D6F4 /* newrepTests.xctest */;
			productType = "com.apple.product-type.bundle.unit-test";
		};
		65B4994D1E3676B70031D6F4 /* newrepUITests */ = {
			isa = PBXNativeTarget;
			buildConfigurationList = 65B4995D1E3676B70031D6F4 /* Build configuration list for PBXNativeTarget "newrepUITests" */;
			buildPhases = (
				65B4994A1E3676B70031D6F4 /* Sources */,
				65B4994B1E3676B70031D6F4 /* Frameworks */,
				65B4994C1E3676B70031D6F4 /* Resources */,
			);
			buildRules = (
			);
			dependencies = (
				65B499501E3676B70031D6F4 /* PBXTargetDependency */,
			);
			name = newrepUITests;
			productName = newrepUITests;
			productReference = 65B4994E1E3676B70031D6F4 /* newrepUITests.xctest */;
			productType = "com.apple.product-type.bundle.ui-testing";
		};
/* End PBXNativeTarget section */

/* Begin PBXProject section */
		65B499241E3676B30031D6F4 /* Project object */ = {
			isa = PBXProject;
			attributes = {
				LastSwiftUpdateCheck = 0820;
				LastUpgradeCheck = 0820;
				ORGANIZATIONNAME = "Kiranbabu Rajanala";
				TargetAttributes = {
					65B4992B1E3676B30031D6F4 = {
						CreatedOnToolsVersion = 8.2.1;
						DevelopmentTeam = 4M677QRD5V;
						ProvisioningStyle = Automatic;
					};
					65B499421E3676B70031D6F4 = {
						CreatedOnToolsVersion = 8.2.1;
						DevelopmentTeam = 4M677QRD5V;
						ProvisioningStyle = Automatic;
						TestTargetID = 65B4992B1E3676B30031D6F4;
					};
					65B4994D1E3676B70031D6F4 = {
						CreatedOnToolsVersion = 8.2.1;
						DevelopmentTeam = 4M677QRD5V;
						ProvisioningStyle = Automatic;
						TestTargetID = 65B4992B1E3676B30031D6F4;
					};
				};
			};
			buildConfigurationList = 65B499271E3676B30031D6F4 /* Build configuration list for PBXProject "newrep" */;
			compatibilityVersion = "Xcode 3.2";
			developmentRegion = English;
			hasScannedForEncodings = 0;
			knownRegions = (
				en,
				Base,
			);
			mainGroup = 65B499231E3676B30031D6F4;
			productRefGroup = 65B4992D1E3676B60031D6F4 /* Products */;
			projectDirPath = "";
			projectRoot = "";
			targets = (
				65B4992B1E3676B30031D6F4 /* newrep */,
				65B499421E3676B70031D6F4 /* newrepTests */,
				65B4994D1E3676B70031D6F4 /* newrepUITests */,
			);
		};
/* End PBXProject section */

/* Begin PBXResourcesBuildPhase section */
		65B4992A1E3676B30031D6F4 /* Resources */ = {
			isa = PBXResourcesBuildPhase;
			buildActionMask = 2147483647;
			files = (
				65B4993D1E3676B60031D6F4 /* LaunchScreen.storyboard in Resources */,
				65B4993A1E3676B60031D6F4 /* Assets.xcassets in Resources */,
				65B499351E3676B60031D6F4 /* Main.storyboard in Resources */,
			);
			runOnlyForDeploymentPostprocessing = 0;
		};
		65B499411E3676B70031D6F4 /* Resources */ = {
			isa = PBXResourcesBuildPhase;
			buildActionMask = 2147483647;
			files = (
			);
			runOnlyForDeploymentPostprocessing = 0;
		};
		65B4994C1E3676B70031D6F4 /* Resources */ = {
			isa = PBXResourcesBuildPhase;
			buildActionMask = 2147483647;
			files = (
			);
			runOnlyForDeploymentPostprocessing = 0;
		};
/* End PBXResourcesBuildPhase section */

/* Begin PBXSourcesBuildPhase section */
		65B499281E3676B30031D6F4 /* Sources */ = {
			isa = PBXSourcesBuildPhase;
			buildActionMask = 2147483647;
			files = (
				65B499321E3676B60031D6F4 /* ViewController.swift in Sources */,
				65B499381E3676B60031D6F4 /* newrep.xcdatamodeld in Sources */,
				65B499301E3676B60031D6F4 /* AppDelegate.swift in Sources */,
			);
			runOnlyForDeploymentPostprocessing = 0;
		};
		65B4993F1E3676B70031D6F4 /* Sources */ = {
			isa = PBXSourcesBuildPhase;
			buildActionMask = 2147483647;
			files = (
				65B499481E3676B70031D6F4 /* newrepTests.swift in Sources */,
			);
			runOnlyForDeploymentPostprocessing = 0;
		};
		65B4994A1E3676B70031D6F4 /* Sources */ = {
			isa = PBXSourcesBuildPhase;
			buildActionMask = 2147483647;
			files = (
				65B499531E3676B70031D6F4 /* newrepUITests.swift in Sources */,
			);
			runOnlyForDeploymentPostprocessing = 0;
		};
/* End PBXSourcesBuildPhase section */

/* Begin PBXTargetDependency section */
		65B499451E3676B70031D6F4 /* PBXTargetDependency */ = {
			isa = PBXTargetDependency;
			target = 65B4992B1E3676B30031D6F4 /* newrep */;
			targetProxy = 65B499441E3676B70031D6F4 /* PBXContainerItemProxy */;
		};
		65B499501E3676B70031D6F4 /* PBXTargetDependency */ = {
			isa = PBXTargetDependency;
			target = 65B4992B1E3676B30031D6F4 /* newrep */;
			targetProxy = 65B4994F1E3676B70031D6F4 /* PBXContainerItemProxy */;
		};
/* End PBXTargetDependency section */

/* Begin PBXVariantGroup section */
		65B499331E3676B60031D6F4 /* Main.storyboard */ = {
			isa = PBXVariantGroup;
			children = (
				65B499341E3676B60031D6F4 /* Base */,
			);
			name = Main.storyboard;
			sourceTree = "<group>";
		};
		65B4993B1E3676B60031D6F4 /* LaunchScreen.storyboard */ = {
			isa = PBXVariantGroup;
			children = (
				65B4993C1E3676B60031D6F4 /* Base */,
			);
			name = LaunchScreen.storyboard;
			sourceTree = "<group>";
		};
/* End PBXVariantGroup section */

/* Begin XCBuildConfiguration section */
		65B499551E3676B70031D6F4 /* Debug */ = {
			isa = XCBuildConfiguration;
			buildSettings = {
				ALWAYS_SEARCH_USER_PATHS = NO;
				CLANG_ANALYZER_NONNULL = YES;
				CLANG_CXX_LANGUAGE_STANDARD = "gnu++0x";
				CLANG_CXX_LIBRARY = "libc++";
				CLANG_ENABLE_MODULES = YES;
				CLANG_ENABLE_OBJC_ARC = YES;
				CLANG_WARN_BOOL_CONVERSION = YES;
				CLANG_WARN_CONSTANT_CONVERSION = YES;
				CLANG_WARN_DIRECT_OBJC_ISA_USAGE = YES_ERROR;
				CLANG_WARN_DOCUMENTATION_COMMENTS = YES;
				CLANG_WARN_EMPTY_BODY = YES;
				CLANG_WARN_ENUM_CONVERSION = YES;
				CLANG_WARN_INFINITE_RECURSION = YES;
				CLANG_WARN_INT_CONVERSION = YES;
				CLANG_WARN_OBJC_ROOT_CLASS = YES_ERROR;
				CLANG_WARN_SUSPICIOUS_MOVE = YES;
				CLANG_WARN_UNREACHABLE_CODE = YES;
				CLANG_WARN__DUPLICATE_METHOD_MATCH = YES;
				"CODE_SIGN_IDENTITY[sdk=iphoneos*]" = "iPhone Developer";
				COPY_PHASE_STRIP = NO;
				DEBUG_INFORMATION_FORMAT = dwarf;
				ENABLE_STRICT_OBJC_MSGSEND = YES;
				ENABLE_TESTABILITY = YES;
				GCC_C_LANGUAGE_STANDARD = gnu99;
				GCC_DYNAMIC_NO_PIC = NO;
				GCC_NO_COMMON_BLOCKS = YES;
				GCC_OPTIMIZATION_LEVEL = 0;
				GCC_PREPROCESSOR_DEFINITIONS = (
					"DEBUG=1",
					"$(inherited)",
				);
				GCC_WARN_64_TO_32_BIT_CONVERSION = YES;
				GCC_WARN_ABOUT_RETURN_TYPE = YES_ERROR;
				GCC_WARN_UNDECLARED_SELECTOR = YES;
				GCC_WARN_UNINITIALIZED_AUTOS = YES_AGGRESSIVE;
				GCC_WARN_UNUSED_FUNCTION = YES;
				GCC_WARN_UNUSED_VARIABLE = YES;
				IPHONEOS_DEPLOYMENT_TARGET = 10.2;
				MTL_ENABLE_DEBUG_INFO = YES;
				ONLY_ACTIVE_ARCH = YES;
				SDKROOT = iphoneos;
				SWIFT_ACTIVE_COMPILATION_CONDITIONS = DEBUG;
				SWIFT_OPTIMIZATION_LEVEL = "-Onone";
			};
			name = Debug;
		};
		65B499561E3676B70031D6F4 /* Release */ = {
			isa = XCBuildConfiguration;
			buildSettings = {
				ALWAYS_SEARCH_USER_PATHS = NO;
				CLANG_ANALYZER_NONNULL = YES;
				CLANG_CXX_LANGUAGE_STANDARD = "gnu++0x";
				CLANG_CXX_LIBRARY = "libc++";
				CLANG_ENABLE_MODULES = YES;
				CLANG_ENABLE_OBJC_ARC = YES;
				CLANG_WARN_BOOL_CONVERSION = YES;
				CLANG_WARN_CONSTANT_CONVERSION = YES;
				CLANG_WARN_DIRECT_OBJC_ISA_USAGE = YES_ERROR;
				CLANG_WARN_DOCUMENTATION_COMMENTS = YES;
				CLANG_WARN_EMPTY_BODY = YES;
				CLANG_WARN_ENUM_CONVERSION = YES;
				CLANG_WARN_INFINITE_RECURSION = YES;
				CLANG_WARN_INT_CONVERSION = YES;
				CLANG_WARN_OBJC_ROOT_CLASS = YES_ERROR;
				CLANG_WARN_SUSPICIOUS_MOVE = YES;
				CLANG_WARN_UNREACHABLE_CODE = YES;
				CLANG_WARN__DUPLICATE_METHOD_MATCH = YES;
				"CODE_SIGN_IDENTITY[sdk=iphoneos*]" = "iPhone Developer";
				COPY_PHASE_STRIP = NO;
				DEBUG_INFORMATION_FORMAT = "dwarf-with-dsym";
				ENABLE_NS_ASSERTIONS = NO;
				ENABLE_STRICT_OBJC_MSGSEND = YES;
				GCC_C_LANGUAGE_STANDARD = gnu99;
				GCC_NO_COMMON_BLOCKS = YES;
				GCC_WARN_64_TO_32_BIT_CONVERSION = YES;
				GCC_WARN_ABOUT_RETURN_TYPE = YES_ERROR;
				GCC_WARN_UNDECLARED_SELECTOR = YES;
				GCC_WARN_UNINITIALIZED_AUTOS = YES_AGGRESSIVE;
				GCC_WARN_UNUSED_FUNCTION = YES;
				GCC_WARN_UNUSED_VARIABLE = YES;
				IPHONEOS_DEPLOYMENT_TARGET = 10.2;
				MTL_ENABLE_DEBUG_INFO = NO;
				SDKROOT = iphoneos;
				SWIFT_OPTIMIZATION_LEVEL = "-Owholemodule";
				VALIDATE_PRODUCT = YES;
			};
			name = Release;
		};
		65B499581E3676B70031D6F4 /* Debug */ = {
			isa = XCBuildConfiguration;
			buildSettings = {
				ASSETCATALOG_COMPILER_APPICON_NAME = AppIcon;
				DEVELOPMENT_TEAM = 4M677QRD5V;
				INFOPLIST_FILE = newrep/Info.plist;
				LD_RUNPATH_SEARCH_PATHS = "$(inherited) @executable_path/Frameworks";
				PRODUCT_BUNDLE_IDENTIFIER = "com.kiranbabu-rajanala.newrep";
				PRODUCT_NAME = "$(TARGET_NAME)";
				SWIFT_VERSION = 3.0;
			};
			name = Debug;
		};
		65B499591E3676B70031D6F4 /* Release */ = {
			isa = XCBuildConfiguration;
			buildSettings = {
				ASSETCATALOG_COMPILER_APPICON_NAME = AppIcon;
				DEVELOPMENT_TEAM = 4M677QRD5V;
				INFOPLIST_FILE = newrep/Info.plist;
				LD_RUNPATH_SEARCH_PATHS = "$(inherited) @executable_path/Frameworks";
				PRODUCT_BUNDLE_IDENTIFIER = "com.kiranbabu-rajanala.newrep";
				PRODUCT_NAME = "$(TARGET_NAME)";
				SWIFT_VERSION = 3.0;
			};
			name = Release;
		};
		65B4995B1E3676B70031D6F4 /* Debug */ = {
			isa = XCBuildConfiguration;
			buildSettings = {
				ALWAYS_EMBED_SWIFT_STANDARD_LIBRARIES = YES;
				BUNDLE_LOADER = "$(TEST_HOST)";
				DEVELOPMENT_TEAM = 4M677QRD5V;
				INFOPLIST_FILE = newrepTests/Info.plist;
				LD_RUNPATH_SEARCH_PATHS = "$(inherited) @executable_path/Frameworks @loader_path/Frameworks";
				PRODUCT_BUNDLE_IDENTIFIER = "com.kiranbabu-rajanala.newrepTests";
				PRODUCT_NAME = "$(TARGET_NAME)";
				SWIFT_VERSION = 3.0;
				TEST_HOST = "$(BUILT_PRODUCTS_DIR)/newrep.app/newrep";
			};
			name = Debug;
		};
		65B4995C1E3676B70031D6F4 /* Release */ = {
			isa = XCBuildConfiguration;
			buildSettings = {
				ALWAYS_EMBED_SWIFT_STANDARD_LIBRARIES = YES;
				BUNDLE_LOADER = "$(TEST_HOST)";
				DEVELOPMENT_TEAM = 4M677QRD5V;
				INFOPLIST_FILE = newrepTests/Info.plist;
				LD_RUNPATH_SEARCH_PATHS = "$(inherited) @executable_path/Frameworks @loader_path/Frameworks";
				PRODUCT_BUNDLE_IDENTIFIER = "com.kiranbabu-rajanala.newrepTests";
				PRODUCT_NAME = "$(TARGET_NAME)";
				SWIFT_VERSION = 3.0;
				TEST_HOST = "$(BUILT_PRODUCTS_DIR)/newrep.app/newrep";
			};
			name = Release;
		};
		65B4995E1E3676B70031D6F4 /* Debug */ = {
			isa = XCBuildConfiguration;
			buildSettings = {
				ALWAYS_EMBED_SWIFT_STANDARD_LIBRARIES = YES;
				DEVELOPMENT_TEAM = 4M677QRD5V;
				INFOPLIST_FILE = newrepUITests/Info.plist;
				LD_RUNPATH_SEARCH_PATHS = "$(inherited) @executable_path/Frameworks @loader_path/Frameworks";
				PRODUCT_BUNDLE_IDENTIFIER = "com.kiranbabu-rajanala.newrepUITests";
				PRODUCT_NAME = "$(TARGET_NAME)";
				SWIFT_VERSION = 3.0;
				TEST_TARGET_NAME = newrep;
			};
			name = Debug;
		};
		65B4995F1E3676B70031D6F4 /* Release */ = {
			isa = XCBuildConfiguration;
			buildSettings = {
				ALWAYS_EMBED_SWIFT_STANDARD_LIBRARIES = YES;
				DEVELOPMENT_TEAM = 4M677QRD5V;
				INFOPLIST_FILE = newrepUITests/Info.plist;
				LD_RUNPATH_SEARCH_PATHS = "$(inherited) @executable_path/Frameworks @loader_path/Frameworks";
				PRODUCT_BUNDLE_IDENTIFIER = "com.kiranbabu-rajanala.newrepUITests";
				PRODUCT_NAME = "$(TARGET_NAME)";
				SWIFT_VERSION = 3.0;
				TEST_TARGET_NAME = newrep;
			};
			name = Release;
		};
/* End XCBuildConfiguration section */

/* Begin XCConfigurationList section */
		65B499271E3676B30031D6F4 /* Build configuration list for PBXProject "newrep" */ = {
			isa = XCConfigurationList;
			buildConfigurations = (
				65B499551E3676B70031D6F4 /* Debug */,
				65B499561E3676B70031D6F4 /* Release */,
			);
			defaultConfigurationIsVisible = 0;
			defaultConfigurationName = Release;
		};
		65B499571E3676B70031D6F4 /* Build configuration list for PBXNativeTarget "newrep" */ = {
			isa = XCConfigurationList;
			buildConfigurations = (
				65B499581E3676B70031D6F4 /* Debug */,
				65B499591E3676B70031D6F4 /* Release */,
			);
			defaultConfigurationIsVisible = 0;
		};
		65B4995A1E3676B70031D6F4 /* Build configuration list for PBXNativeTarget "newrepTests" */ = {
			isa = XCConfigurationList;
			buildConfigurations = (
				65B4995B1E3676B70031D6F4 /* Debug */,
				65B4995C1E3676B70031D6F4 /* Release */,
			);
			defaultConfigurationIsVisible = 0;
		};
		65B4995D1E3676B70031D6F4 /* Build configuration list for PBXNativeTarget "newrepUITests" */ = {
			isa = XCConfigurationList;
			buildConfigurations = (
				65B4995E1E3676B70031D6F4 /* Debug */,
				65B4995F1E3676B70031D6F4 /* Release */,
			);
			defaultConfigurationIsVisible = 0;
		};
/* End XCConfigurationList section */

/* Begin XCVersionGroup section */
		65B499361E3676B60031D6F4 /* newrep.xcdatamodeld */ = {
			isa = XCVersionGroup;
			children = (
				65B499371E3676B60031D6F4 /* newrep.xcdatamodel */,
			);
			currentVersion = 65B499371E3676B60031D6F4 /* newrep.xcdatamodel */;
			path = newrep.xcdatamodeld;
			sourceTree = "<group>";
			versionGroupType = wrapper.xcdatamodel;
		};
/* End XCVersionGroup section */
	};
	rootObject = 65B499241E3676B30031D6F4 /* Project object */;
}
